// !$*UTF8*$!
{
	archiveVersion = 1;
	classes = {
	};
	objectVersion = 46;
	objects = {

/* Begin PBXBuildFile section */
		6507787E1B005B4200C2BCFB /* Models.swift in Sources */ = {isa = PBXBuildFile; fileRef = 6507787D1B005B4200C2BCFB /* Models.swift */; };
		650778801B007FCA00C2BCFB /* AppManager.swift in Sources */ = {isa = PBXBuildFile; fileRef = 6507787F1B007FCA00C2BCFB /* AppManager.swift */; };
		650778861B00820000C2BCFB /* Networking.swift in Sources */ = {isa = PBXBuildFile; fileRef = 650778851B00820000C2BCFB /* Networking.swift */; };
		6580FE011AFB62DE00C7ACE7 /* AppDelegate.swift in Sources */ = {isa = PBXBuildFile; fileRef = 6580FE001AFB62DE00C7ACE7 /* AppDelegate.swift */; };
		6580FE031AFB62DE00C7ACE7 /* MainViewController.swift in Sources */ = {isa = PBXBuildFile; fileRef = 6580FE021AFB62DE00C7ACE7 /* MainViewController.swift */; };
		6580FE061AFB62DE00C7ACE7 /* Main.storyboard in Resources */ = {isa = PBXBuildFile; fileRef = 6580FE041AFB62DE00C7ACE7 /* Main.storyboard */; };
		6580FE081AFB62DE00C7ACE7 /* Images.xcassets in Resources */ = {isa = PBXBuildFile; fileRef = 6580FE071AFB62DE00C7ACE7 /* Images.xcassets */; };
		6580FE0B1AFB62DE00C7ACE7 /* LaunchScreen.xib in Resources */ = {isa = PBXBuildFile; fileRef = 6580FE091AFB62DE00C7ACE7 /* LaunchScreen.xib */; };
		6580FE171AFB62DE00C7ACE7 /* spdbappTests.swift in Sources */ = {isa = PBXBuildFile; fileRef = 6580FE161AFB62DE00C7ACE7 /* spdbappTests.swift */; };
		6580FE211AFB63FF00C7ACE7 /* AgendaViewController.swift in Sources */ = {isa = PBXBuildFile; fileRef = 6580FE201AFB63FF00C7ACE7 /* AgendaViewController.swift */; };
		6580FE2E1AFC8EE400C7ACE7 /* AgendaTableViewCell.swift in Sources */ = {isa = PBXBuildFile; fileRef = 6580FE2C1AFC8EE400C7ACE7 /* AgendaTableViewCell.swift */; };
		6580FE2F1AFC8EE400C7ACE7 /* AgendaTableViewCell.xib in Resources */ = {isa = PBXBuildFile; fileRef = 6580FE2D1AFC8EE400C7ACE7 /* AgendaTableViewCell.xib */; };
		6580FE311AFCA58400C7ACE7 /* DocViewController.swift in Sources */ = {isa = PBXBuildFile; fileRef = 6580FE301AFCA58400C7ACE7 /* DocViewController.swift */; };
		C443E65C1B0B2AEB00170344 /* DownLoadManager.swift in Sources */ = {isa = PBXBuildFile; fileRef = C443E65B1B0B2AEB00170344 /* DownLoadManager.swift */; };
		C44779CB1B09A96300F37F23 /* Alamofire.framework in Frameworks */ = {isa = PBXBuildFile; fileRef = C44779C41B09A95C00F37F23 /* Alamofire.framework */; };
		C44779CC1B09A96300F37F23 /* Alamofire.framework in Embed Frameworks */ = {isa = PBXBuildFile; fileRef = C44779C41B09A95C00F37F23 /* Alamofire.framework */; settings = {ATTRIBUTES = (CodeSignOnCopy, RemoveHeadersOnCopy, ); }; };
		C45BE6291B213F2C00B62D46 /* ServerConfig.swift in Sources */ = {isa = PBXBuildFile; fileRef = C45BE6281B213F2C00B62D46 /* ServerConfig.swift */; };
		C45BE63B1B2585E400B62D46 /* Server.swift in Sources */ = {isa = PBXBuildFile; fileRef = C45BE63A1B2585E400B62D46 /* Server.swift */; };
		C466B8941B26C8B300E39B7D /* TimeSettingConfig.plist in Resources */ = {isa = PBXBuildFile; fileRef = C466B8931B26C8B300E39B7D /* TimeSettingConfig.plist */; };
		C469D19E1B1EAD2300E2B0A3 /* SettingsBundleConfig.swift in Sources */ = {isa = PBXBuildFile; fileRef = C469D19D1B1EAD2300E2B0A3 /* SettingsBundleConfig.swift */; };
		C47DC23F1B0ED82C004D0701 /* 方正姚体.ttf in Resources */ = {isa = PBXBuildFile; fileRef = C47DC23C1B0ED82C004D0701 /* 方正姚体.ttf */; };
		C47DC2401B0ED82C004D0701 /* 楷体_GB2312.ttf in Resources */ = {isa = PBXBuildFile; fileRef = C47DC23D1B0ED82C004D0701 /* 楷体_GB2312.ttf */; };
		C47DC2411B0ED82C004D0701 /* simsun.ttc in Resources */ = {isa = PBXBuildFile; fileRef = C47DC23E1B0ED82C004D0701 /* simsun.ttc */; };
		C4824D481B1D885E0098A932 /* DeleteManager.swift in Sources */ = {isa = PBXBuildFile; fileRef = C4824D471B1D885E0098A932 /* DeleteManager.swift */; };
		C4824D861B1DA6100098A932 /* Settings.bundle in Resources */ = {isa = PBXBuildFile; fileRef = C4824D851B1DA6100098A932 /* Settings.bundle */; };
		C4A1608B1B2E998E005AB2CB /* ShowToolbarState.swift in Sources */ = {isa = PBXBuildFile; fileRef = C4A1608A1B2E998E005AB2CB /* ShowToolbarState.swift */; };
		C4AA12451B12D3380043358D /* Builder.swift in Sources */ = {isa = PBXBuildFile; fileRef = C4AA12441B12D3380043358D /* Builder.swift */; };
		C4DFEB3E1B283EE6007AE9BE /* SwiftyJSON.swift in Sources */ = {isa = PBXBuildFile; fileRef = C4DFEB3D1B283EE6007AE9BE /* SwiftyJSON.swift */; };
/* End PBXBuildFile section */

/* Begin PBXContainerItemProxy section */
		6580FE111AFB62DE00C7ACE7 /* PBXContainerItemProxy */ = {
			isa = PBXContainerItemProxy;
			containerPortal = 6580FDF31AFB62DE00C7ACE7 /* Project object */;
			proxyType = 1;
			remoteGlobalIDString = 6580FDFA1AFB62DE00C7ACE7;
			remoteInfo = spdbapp;
		};
		C44779C31B09A95C00F37F23 /* PBXContainerItemProxy */ = {
			isa = PBXContainerItemProxy;
			containerPortal = C44779BC1B09A95C00F37F23 /* Alamofire.xcodeproj */;
			proxyType = 2;
			remoteGlobalIDString = F8111E3319A95C8B0040E7D1;
			remoteInfo = "Alamofire iOS";
		};
		C44779C51B09A95C00F37F23 /* PBXContainerItemProxy */ = {
			isa = PBXContainerItemProxy;
			containerPortal = C44779BC1B09A95C00F37F23 /* Alamofire.xcodeproj */;
			proxyType = 2;
			remoteGlobalIDString = 4DD67C0B1A5C55C900ED2280;
			remoteInfo = "Alamofire OSX";
		};
		C44779C71B09A95C00F37F23 /* PBXContainerItemProxy */ = {
			isa = PBXContainerItemProxy;
			containerPortal = C44779BC1B09A95C00F37F23 /* Alamofire.xcodeproj */;
			proxyType = 2;
			remoteGlobalIDString = F8111E3E19A95C8B0040E7D1;
			remoteInfo = "Alamofire iOS Tests";
		};
		C44779C91B09A95C00F37F23 /* PBXContainerItemProxy */ = {
			isa = PBXContainerItemProxy;
			containerPortal = C44779BC1B09A95C00F37F23 /* Alamofire.xcodeproj */;
			proxyType = 2;
			remoteGlobalIDString = F829C6B21A7A94F100A2CD59;
			remoteInfo = "Alamofire OSX Tests";
		};
		C44779CD1B09A96400F37F23 /* PBXContainerItemProxy */ = {
			isa = PBXContainerItemProxy;
			containerPortal = C44779BC1B09A95C00F37F23 /* Alamofire.xcodeproj */;
			proxyType = 1;
			remoteGlobalIDString = F8111E3219A95C8B0040E7D1;
			remoteInfo = "Alamofire iOS";
		};
/* End PBXContainerItemProxy section */

/* Begin PBXCopyFilesBuildPhase section */
		65473C351B0301EC0019E121 /* Embed Frameworks */ = {
			isa = PBXCopyFilesBuildPhase;
			buildActionMask = 2147483647;
			dstPath = "";
			dstSubfolderSpec = 10;
			files = (
				C44779CC1B09A96300F37F23 /* Alamofire.framework in Embed Frameworks */,
			);
			name = "Embed Frameworks";
			runOnlyForDeploymentPostprocessing = 0;
		};
/* End PBXCopyFilesBuildPhase section */

/* Begin PBXFileReference section */
		6507787D1B005B4200C2BCFB /* Models.swift */ = {isa = PBXFileReference; fileEncoding = 4; lastKnownFileType = sourcecode.swift; path = Models.swift; sourceTree = "<group>"; };
		6507787F1B007FCA00C2BCFB /* AppManager.swift */ = {isa = PBXFileReference; fileEncoding = 4; lastKnownFileType = sourcecode.swift; path = AppManager.swift; sourceTree = "<group>"; };
		650778851B00820000C2BCFB /* Networking.swift */ = {isa = PBXFileReference; fileEncoding = 4; lastKnownFileType = sourcecode.swift; path = Networking.swift; sourceTree = "<group>"; };
		6580FDFB1AFB62DE00C7ACE7 /* spdbapp.app */ = {isa = PBXFileReference; explicitFileType = wrapper.application; includeInIndex = 0; path = spdbapp.app; sourceTree = BUILT_PRODUCTS_DIR; };
		6580FDFF1AFB62DE00C7ACE7 /* Info.plist */ = {isa = PBXFileReference; lastKnownFileType = text.plist.xml; path = Info.plist; sourceTree = "<group>"; };
		6580FE001AFB62DE00C7ACE7 /* AppDelegate.swift */ = {isa = PBXFileReference; lastKnownFileType = sourcecode.swift; path = AppDelegate.swift; sourceTree = "<group>"; };
		6580FE021AFB62DE00C7ACE7 /* MainViewController.swift */ = {isa = PBXFileReference; lastKnownFileType = sourcecode.swift; path = MainViewController.swift; sourceTree = "<group>"; };
		6580FE051AFB62DE00C7ACE7 /* Base */ = {isa = PBXFileReference; lastKnownFileType = file.storyboard; name = Base; path = Base.lproj/Main.storyboard; sourceTree = "<group>"; };
		6580FE071AFB62DE00C7ACE7 /* Images.xcassets */ = {isa = PBXFileReference; lastKnownFileType = folder.assetcatalog; path = Images.xcassets; sourceTree = "<group>"; };
		6580FE0A1AFB62DE00C7ACE7 /* Base */ = {isa = PBXFileReference; lastKnownFileType = file.xib; name = Base; path = Base.lproj/LaunchScreen.xib; sourceTree = "<group>"; };
		6580FE101AFB62DE00C7ACE7 /* spdbappTests.xctest */ = {isa = PBXFileReference; explicitFileType = wrapper.cfbundle; includeInIndex = 0; path = spdbappTests.xctest; sourceTree = BUILT_PRODUCTS_DIR; };
		6580FE151AFB62DE00C7ACE7 /* Info.plist */ = {isa = PBXFileReference; lastKnownFileType = text.plist.xml; path = Info.plist; sourceTree = "<group>"; };
		6580FE161AFB62DE00C7ACE7 /* spdbappTests.swift */ = {isa = PBXFileReference; lastKnownFileType = sourcecode.swift; path = spdbappTests.swift; sourceTree = "<group>"; };
		6580FE201AFB63FF00C7ACE7 /* AgendaViewController.swift */ = {isa = PBXFileReference; fileEncoding = 4; lastKnownFileType = sourcecode.swift; path = AgendaViewController.swift; sourceTree = "<group>"; };
		6580FE2C1AFC8EE400C7ACE7 /* AgendaTableViewCell.swift */ = {isa = PBXFileReference; fileEncoding = 4; lastKnownFileType = sourcecode.swift; path = AgendaTableViewCell.swift; sourceTree = "<group>"; };
		6580FE2D1AFC8EE400C7ACE7 /* AgendaTableViewCell.xib */ = {isa = PBXFileReference; fileEncoding = 4; lastKnownFileType = file.xib; path = AgendaTableViewCell.xib; sourceTree = "<group>"; };
		6580FE301AFCA58400C7ACE7 /* DocViewController.swift */ = {isa = PBXFileReference; fileEncoding = 4; lastKnownFileType = sourcecode.swift; path = DocViewController.swift; sourceTree = "<group>"; };
		C443E65B1B0B2AEB00170344 /* DownLoadManager.swift */ = {isa = PBXFileReference; fileEncoding = 4; lastKnownFileType = sourcecode.swift; name = DownLoadManager.swift; path = ../DownLoadManager.swift; sourceTree = "<group>"; };
		C44779BC1B09A95C00F37F23 /* Alamofire.xcodeproj */ = {isa = PBXFileReference; lastKnownFileType = "wrapper.pb-project"; name = Alamofire.xcodeproj; path = "../Alamofire-master/Alamofire.xcodeproj"; sourceTree = "<group>"; };
		C45BE6281B213F2C00B62D46 /* ServerConfig.swift */ = {isa = PBXFileReference; fileEncoding = 4; lastKnownFileType = sourcecode.swift; name = ServerConfig.swift; path = ../ServerConfig.swift; sourceTree = "<group>"; };
		C45BE63A1B2585E400B62D46 /* Server.swift */ = {isa = PBXFileReference; fileEncoding = 4; lastKnownFileType = sourcecode.swift; path = Server.swift; sourceTree = "<group>"; };
		C466B8931B26C8B300E39B7D /* TimeSettingConfig.plist */ = {isa = PBXFileReference; fileEncoding = 4; lastKnownFileType = text.plist.xml; name = TimeSettingConfig.plist; path = ../TimeSettingConfig.plist; sourceTree = "<group>"; };
		C469D19D1B1EAD2300E2B0A3 /* SettingsBundleConfig.swift */ = {isa = PBXFileReference; fileEncoding = 4; lastKnownFileType = sourcecode.swift; path = SettingsBundleConfig.swift; sourceTree = "<group>"; };
		C47DC23C1B0ED82C004D0701 /* 方正姚体.ttf */ = {isa = PBXFileReference; lastKnownFileType = file; name = "方正姚体.ttf"; path = "resources/方正姚体.ttf"; sourceTree = "<group>"; };
		C47DC23D1B0ED82C004D0701 /* 楷体_GB2312.ttf */ = {isa = PBXFileReference; lastKnownFileType = file; name = "楷体_GB2312.ttf"; path = "resources/楷体_GB2312.ttf"; sourceTree = "<group>"; };
		C47DC23E1B0ED82C004D0701 /* simsun.ttc */ = {isa = PBXFileReference; lastKnownFileType = file; name = simsun.ttc; path = resources/simsun.ttc; sourceTree = "<group>"; };
		C4824D471B1D885E0098A932 /* DeleteManager.swift */ = {isa = PBXFileReference; fileEncoding = 4; lastKnownFileType = sourcecode.swift; path = DeleteManager.swift; sourceTree = "<group>"; };
		C4824D851B1DA6100098A932 /* Settings.bundle */ = {isa = PBXFileReference; lastKnownFileType = "wrapper.plug-in"; path = Settings.bundle; sourceTree = "<group>"; };
		C4A1608A1B2E998E005AB2CB /* ShowToolbarState.swift */ = {isa = PBXFileReference; fileEncoding = 4; lastKnownFileType = sourcecode.swift; name = ShowToolbarState.swift; path = ../ShowToolbarState.swift; sourceTree = "<group>"; };
		C4AA12441B12D3380043358D /* Builder.swift */ = {isa = PBXFileReference; fileEncoding = 4; lastKnownFileType = sourcecode.swift; path = Builder.swift; sourceTree = "<group>"; };
		C4DFEB3D1B283EE6007AE9BE /* SwiftyJSON.swift */ = {isa = PBXFileReference; fileEncoding = 4; lastKnownFileType = sourcecode.swift; path = SwiftyJSON.swift; sourceTree = "<group>"; };
/* End PBXFileReference section */

/* Begin PBXFrameworksBuildPhase section */
		6580FDF81AFB62DE00C7ACE7 /* Frameworks */ = {
			isa = PBXFrameworksBuildPhase;
			buildActionMask = 2147483647;
			files = (
				C44779CB1B09A96300F37F23 /* Alamofire.framework in Frameworks */,
			);
			runOnlyForDeploymentPostprocessing = 0;
		};
		6580FE0D1AFB62DE00C7ACE7 /* Frameworks */ = {
			isa = PBXFrameworksBuildPhase;
			buildActionMask = 2147483647;
			files = (
			);
			runOnlyForDeploymentPostprocessing = 0;
		};
/* End PBXFrameworksBuildPhase section */

/* Begin PBXGroup section */
		650778781B004CCD00C2BCFB /* Models */ = {
			isa = PBXGroup;
			children = (
				6507787D1B005B4200C2BCFB /* Models.swift */,
				C45BE63A1B2585E400B62D46 /* Server.swift */,
			);
			name = Models;
			sourceTree = "<group>";
		};
		650778811B00818C00C2BCFB /* Utils */ = {
			isa = PBXGroup;
			children = (
				C466B8931B26C8B300E39B7D /* TimeSettingConfig.plist */,
				C4DFEB3D1B283EE6007AE9BE /* SwiftyJSON.swift */,
				650778851B00820000C2BCFB /* Networking.swift */,
				C4AA12441B12D3380043358D /* Builder.swift */,
				C469D19D1B1EAD2300E2B0A3 /* SettingsBundleConfig.swift */,
			);
			name = Utils;
			sourceTree = "<group>";
		};
		6580FDF21AFB62DE00C7ACE7 = {
			isa = PBXGroup;
			children = (
				C44779BC1B09A95C00F37F23 /* Alamofire.xcodeproj */,
				6580FDFD1AFB62DE00C7ACE7 /* spdbapp */,
				6580FE131AFB62DE00C7ACE7 /* spdbappTests */,
				6580FDFC1AFB62DE00C7ACE7 /* Products */,
			);
			sourceTree = "<group>";
		};
		6580FDFC1AFB62DE00C7ACE7 /* Products */ = {
			isa = PBXGroup;
			children = (
				6580FDFB1AFB62DE00C7ACE7 /* spdbapp.app */,
				6580FE101AFB62DE00C7ACE7 /* spdbappTests.xctest */,
			);
			name = Products;
			sourceTree = "<group>";
		};
		6580FDFD1AFB62DE00C7ACE7 /* spdbapp */ = {
			isa = PBXGroup;
			children = (
				C4824D851B1DA6100098A932 /* Settings.bundle */,
				650778811B00818C00C2BCFB /* Utils */,
				650778781B004CCD00C2BCFB /* Models */,
				C4824D421B1D880B0098A932 /* View */,
				C4824D461B1D88210098A932 /* Controller */,
				6507787F1B007FCA00C2BCFB /* AppManager.swift */,
				C4A1608A1B2E998E005AB2CB /* ShowToolbarState.swift */,
				6580FE001AFB62DE00C7ACE7 /* AppDelegate.swift */,
				C443E65B1B0B2AEB00170344 /* DownLoadManager.swift */,
				C4824D471B1D885E0098A932 /* DeleteManager.swift */,
				C45BE6281B213F2C00B62D46 /* ServerConfig.swift */,
				6580FE071AFB62DE00C7ACE7 /* Images.xcassets */,
				6580FDFE1AFB62DE00C7ACE7 /* Supporting Files */,
			);
			path = spdbapp;
			sourceTree = "<group>";
		};
		6580FDFE1AFB62DE00C7ACE7 /* Supporting Files */ = {
			isa = PBXGroup;
			children = (
				C47DC23C1B0ED82C004D0701 /* 方正姚体.ttf */,
				C47DC23D1B0ED82C004D0701 /* 楷体_GB2312.ttf */,
				C47DC23E1B0ED82C004D0701 /* simsun.ttc */,
				6580FDFF1AFB62DE00C7ACE7 /* Info.plist */,
			);
			name = "Supporting Files";
			sourceTree = "<group>";
		};
		6580FE131AFB62DE00C7ACE7 /* spdbappTests */ = {
			isa = PBXGroup;
			children = (
				6580FE161AFB62DE00C7ACE7 /* spdbappTests.swift */,
				6580FE141AFB62DE00C7ACE7 /* Supporting Files */,
			);
			path = spdbappTests;
			sourceTree = "<group>";
		};
		6580FE141AFB62DE00C7ACE7 /* Supporting Files */ = {
			isa = PBXGroup;
			children = (
				6580FE151AFB62DE00C7ACE7 /* Info.plist */,
			);
			name = "Supporting Files";
			sourceTree = "<group>";
		};
		C44779BD1B09A95C00F37F23 /* Products */ = {
			isa = PBXGroup;
			children = (
				C44779C41B09A95C00F37F23 /* Alamofire.framework */,
				C44779C61B09A95C00F37F23 /* Alamofire.framework */,
				C44779C81B09A95C00F37F23 /* Alamofire iOS Tests.xctest */,
				C44779CA1B09A95C00F37F23 /* Alamofire OSX Tests.xctest */,
			);
			name = Products;
			sourceTree = "<group>";
		};
		C4824D421B1D880B0098A932 /* View */ = {
			isa = PBXGroup;
			children = (
				6580FE2D1AFC8EE400C7ACE7 /* AgendaTableViewCell.xib */,
				6580FE041AFB62DE00C7ACE7 /* Main.storyboard */,
				6580FE091AFB62DE00C7ACE7 /* LaunchScreen.xib */,
			);
			name = View;
			sourceTree = "<group>";
		};
		C4824D461B1D88210098A932 /* Controller */ = {
			isa = PBXGroup;
			children = (
				6580FE021AFB62DE00C7ACE7 /* MainViewController.swift */,
				6580FE201AFB63FF00C7ACE7 /* AgendaViewController.swift */,
				6580FE2C1AFC8EE400C7ACE7 /* AgendaTableViewCell.swift */,
				6580FE301AFCA58400C7ACE7 /* DocViewController.swift */,
			);
			name = Controller;
			sourceTree = "<group>";
		};
/* End PBXGroup section */

/* Begin PBXNativeTarget section */
		6580FDFA1AFB62DE00C7ACE7 /* spdbapp */ = {
			isa = PBXNativeTarget;
			buildConfigurationList = 6580FE1A1AFB62DE00C7ACE7 /* Build configuration list for PBXNativeTarget "spdbapp" */;
			buildPhases = (
				6580FDF71AFB62DE00C7ACE7 /* Sources */,
				6580FDF81AFB62DE00C7ACE7 /* Frameworks */,
				6580FDF91AFB62DE00C7ACE7 /* Resources */,
				65473C351B0301EC0019E121 /* Embed Frameworks */,
			);
			buildRules = (
			);
			dependencies = (
				C44779CE1B09A96400F37F23 /* PBXTargetDependency */,
			);
			name = spdbapp;
			productName = spdbapp;
			productReference = 6580FDFB1AFB62DE00C7ACE7 /* spdbapp.app */;
			productType = "com.apple.product-type.application";
		};
		6580FE0F1AFB62DE00C7ACE7 /* spdbappTests */ = {
			isa = PBXNativeTarget;
			buildConfigurationList = 6580FE1D1AFB62DE00C7ACE7 /* Build configuration list for PBXNativeTarget "spdbappTests" */;
			buildPhases = (
				6580FE0C1AFB62DE00C7ACE7 /* Sources */,
				6580FE0D1AFB62DE00C7ACE7 /* Frameworks */,
				6580FE0E1AFB62DE00C7ACE7 /* Resources */,
			);
			buildRules = (
			);
			dependencies = (
				6580FE121AFB62DE00C7ACE7 /* PBXTargetDependency */,
			);
			name = spdbappTests;
			productName = spdbappTests;
			productReference = 6580FE101AFB62DE00C7ACE7 /* spdbappTests.xctest */;
			productType = "com.apple.product-type.bundle.unit-test";
		};
/* End PBXNativeTarget section */

/* Begin PBXProject section */
		6580FDF31AFB62DE00C7ACE7 /* Project object */ = {
			isa = PBXProject;
			attributes = {
				LastUpgradeCheck = 0630;
				ORGANIZATIONNAME = shgbit;
				TargetAttributes = {
					6580FDFA1AFB62DE00C7ACE7 = {
						CreatedOnToolsVersion = 6.3.1;
						DevelopmentTeam = GN278HWQNW;
					};
					6580FE0F1AFB62DE00C7ACE7 = {
						CreatedOnToolsVersion = 6.3.1;
						TestTargetID = 6580FDFA1AFB62DE00C7ACE7;
					};
				};
			};
			buildConfigurationList = 6580FDF61AFB62DE00C7ACE7 /* Build configuration list for PBXProject "spdbapp" */;
			compatibilityVersion = "Xcode 3.2";
			developmentRegion = English;
			hasScannedForEncodings = 0;
			knownRegions = (
				en,
				Base,
			);
			mainGroup = 6580FDF21AFB62DE00C7ACE7;
			productRefGroup = 6580FDFC1AFB62DE00C7ACE7 /* Products */;
			projectDirPath = "";
			projectReferences = (
				{
					ProductGroup = C44779BD1B09A95C00F37F23 /* Products */;
					ProjectRef = C44779BC1B09A95C00F37F23 /* Alamofire.xcodeproj */;
				},
			);
			projectRoot = "";
			targets = (
				6580FDFA1AFB62DE00C7ACE7 /* spdbapp */,
				6580FE0F1AFB62DE00C7ACE7 /* spdbappTests */,
			);
		};
/* End PBXProject section */

/* Begin PBXReferenceProxy section */
		C44779C41B09A95C00F37F23 /* Alamofire.framework */ = {
			isa = PBXReferenceProxy;
			fileType = wrapper.framework;
			path = Alamofire.framework;
			remoteRef = C44779C31B09A95C00F37F23 /* PBXContainerItemProxy */;
			sourceTree = BUILT_PRODUCTS_DIR;
		};
		C44779C61B09A95C00F37F23 /* Alamofire.framework */ = {
			isa = PBXReferenceProxy;
			fileType = wrapper.framework;
			path = Alamofire.framework;
			remoteRef = C44779C51B09A95C00F37F23 /* PBXContainerItemProxy */;
			sourceTree = BUILT_PRODUCTS_DIR;
		};
		C44779C81B09A95C00F37F23 /* Alamofire iOS Tests.xctest */ = {
			isa = PBXReferenceProxy;
			fileType = wrapper.cfbundle;
			path = "Alamofire iOS Tests.xctest";
			remoteRef = C44779C71B09A95C00F37F23 /* PBXContainerItemProxy */;
			sourceTree = BUILT_PRODUCTS_DIR;
		};
		C44779CA1B09A95C00F37F23 /* Alamofire OSX Tests.xctest */ = {
			isa = PBXReferenceProxy;
			fileType = wrapper.cfbundle;
			path = "Alamofire OSX Tests.xctest";
			remoteRef = C44779C91B09A95C00F37F23 /* PBXContainerItemProxy */;
			sourceTree = BUILT_PRODUCTS_DIR;
		};
/* End PBXReferenceProxy section */

/* Begin PBXResourcesBuildPhase section */
		6580FDF91AFB62DE00C7ACE7 /* Resources */ = {
			isa = PBXResourcesBuildPhase;
			buildActionMask = 2147483647;
			files = (
				C4824D861B1DA6100098A932 /* Settings.bundle in Resources */,
				C47DC2401B0ED82C004D0701 /* 楷体_GB2312.ttf in Resources */,
				C466B8941B26C8B300E39B7D /* TimeSettingConfig.plist in Resources */,
				6580FE061AFB62DE00C7ACE7 /* Main.storyboard in Resources */,
				6580FE2F1AFC8EE400C7ACE7 /* AgendaTableViewCell.xib in Resources */,
				6580FE0B1AFB62DE00C7ACE7 /* LaunchScreen.xib in Resources */,
				C47DC23F1B0ED82C004D0701 /* 方正姚体.ttf in Resources */,
				C47DC2411B0ED82C004D0701 /* simsun.ttc in Resources */,
				6580FE081AFB62DE00C7ACE7 /* Images.xcassets in Resources */,
			);
			runOnlyForDeploymentPostprocessing = 0;
		};
		6580FE0E1AFB62DE00C7ACE7 /* Resources */ = {
			isa = PBXResourcesBuildPhase;
			buildActionMask = 2147483647;
			files = (
			);
			runOnlyForDeploymentPostprocessing = 0;
		};
/* End PBXResourcesBuildPhase section */

/* Begin PBXSourcesBuildPhase section */
		6580FDF71AFB62DE00C7ACE7 /* Sources */ = {
			isa = PBXSourcesBuildPhase;
			buildActionMask = 2147483647;
			files = (
				650778801B007FCA00C2BCFB /* AppManager.swift in Sources */,
				C443E65C1B0B2AEB00170344 /* DownLoadManager.swift in Sources */,
				6580FE031AFB62DE00C7ACE7 /* MainViewController.swift in Sources */,
				C4DFEB3E1B283EE6007AE9BE /* SwiftyJSON.swift in Sources */,
				6580FE011AFB62DE00C7ACE7 /* AppDelegate.swift in Sources */,
				650778861B00820000C2BCFB /* Networking.swift in Sources */,
				C4A1608B1B2E998E005AB2CB /* ShowToolbarState.swift in Sources */,
				C4824D481B1D885E0098A932 /* DeleteManager.swift in Sources */,
				C4AA12451B12D3380043358D /* Builder.swift in Sources */,
				C45BE6291B213F2C00B62D46 /* ServerConfig.swift in Sources */,
				6580FE311AFCA58400C7ACE7 /* DocViewController.swift in Sources */,
				6507787E1B005B4200C2BCFB /* Models.swift in Sources */,
				C469D19E1B1EAD2300E2B0A3 /* SettingsBundleConfig.swift in Sources */,
				6580FE211AFB63FF00C7ACE7 /* AgendaViewController.swift in Sources */,
				C45BE63B1B2585E400B62D46 /* Server.swift in Sources */,
				6580FE2E1AFC8EE400C7ACE7 /* AgendaTableViewCell.swift in Sources */,
			);
			runOnlyForDeploymentPostprocessing = 0;
		};
		6580FE0C1AFB62DE00C7ACE7 /* Sources */ = {
			isa = PBXSourcesBuildPhase;
			buildActionMask = 2147483647;
			files = (
				6580FE171AFB62DE00C7ACE7 /* spdbappTests.swift in Sources */,
			);
			runOnlyForDeploymentPostprocessing = 0;
		};
/* End PBXSourcesBuildPhase section */

/* Begin PBXTargetDependency section */
		6580FE121AFB62DE00C7ACE7 /* PBXTargetDependency */ = {
			isa = PBXTargetDependency;
			target = 6580FDFA1AFB62DE00C7ACE7 /* spdbapp */;
			targetProxy = 6580FE111AFB62DE00C7ACE7 /* PBXContainerItemProxy */;
		};
		C44779CE1B09A96400F37F23 /* PBXTargetDependency */ = {
			isa = PBXTargetDependency;
			name = "Alamofire iOS";
			targetProxy = C44779CD1B09A96400F37F23 /* PBXContainerItemProxy */;
		};
/* End PBXTargetDependency section */

/* Begin PBXVariantGroup section */
		6580FE041AFB62DE00C7ACE7 /* Main.storyboard */ = {
			isa = PBXVariantGroup;
			children = (
				6580FE051AFB62DE00C7ACE7 /* Base */,
			);
			name = Main.storyboard;
			sourceTree = "<group>";
		};
		6580FE091AFB62DE00C7ACE7 /* LaunchScreen.xib */ = {
			isa = PBXVariantGroup;
			children = (
				6580FE0A1AFB62DE00C7ACE7 /* Base */,
			);
			name = LaunchScreen.xib;
			sourceTree = "<group>";
		};
/* End PBXVariantGroup section */

/* Begin XCBuildConfiguration section */
		6580FE181AFB62DE00C7ACE7 /* Debug */ = {
			isa = XCBuildConfiguration;
			buildSettings = {
				ALWAYS_SEARCH_USER_PATHS = NO;
				CLANG_CXX_LANGUAGE_STANDARD = "gnu++0x";
				CLANG_CXX_LIBRARY = "libc++";
				CLANG_ENABLE_MODULES = YES;
				CLANG_ENABLE_OBJC_ARC = YES;
				CLANG_WARN_BOOL_CONVERSION = YES;
				CLANG_WARN_CONSTANT_CONVERSION = YES;
				CLANG_WARN_DIRECT_OBJC_ISA_USAGE = YES_ERROR;
				CLANG_WARN_EMPTY_BODY = YES;
				CLANG_WARN_ENUM_CONVERSION = YES;
				CLANG_WARN_INT_CONVERSION = YES;
				CLANG_WARN_OBJC_ROOT_CLASS = YES_ERROR;
				CLANG_WARN_UNREACHABLE_CODE = YES;
				CLANG_WARN__DUPLICATE_METHOD_MATCH = YES;
				"CODE_SIGN_IDENTITY[sdk=iphoneos*]" = "iPhone Developer";
				COPY_PHASE_STRIP = NO;
				DEBUG_INFORMATION_FORMAT = "dwarf-with-dsym";
				ENABLE_STRICT_OBJC_MSGSEND = YES;
				GCC_C_LANGUAGE_STANDARD = gnu99;
				GCC_DYNAMIC_NO_PIC = NO;
				GCC_NO_COMMON_BLOCKS = YES;
				GCC_OPTIMIZATION_LEVEL = 0;
				GCC_PREPROCESSOR_DEFINITIONS = (
					"DEBUG=1",
					"$(inherited)",
				);
				GCC_SYMBOLS_PRIVATE_EXTERN = NO;
				GCC_WARN_64_TO_32_BIT_CONVERSION = YES;
				GCC_WARN_ABOUT_RETURN_TYPE = YES_ERROR;
				GCC_WARN_UNDECLARED_SELECTOR = YES;
				GCC_WARN_UNINITIALIZED_AUTOS = YES_AGGRESSIVE;
				GCC_WARN_UNUSED_FUNCTION = YES;
				GCC_WARN_UNUSED_VARIABLE = YES;
				IPHONEOS_DEPLOYMENT_TARGET = 8.3;
				MTL_ENABLE_DEBUG_INFO = YES;
				ONLY_ACTIVE_ARCH = YES;
				SDKROOT = iphoneos;
				SWIFT_OPTIMIZATION_LEVEL = "-Onone";
				TARGETED_DEVICE_FAMILY = 2;
			};
			name = Debug;
		};
		6580FE191AFB62DE00C7ACE7 /* Release */ = {
			isa = XCBuildConfiguration;
			buildSettings = {
				ALWAYS_SEARCH_USER_PATHS = NO;
				CLANG_CXX_LANGUAGE_STANDARD = "gnu++0x";
				CLANG_CXX_LIBRARY = "libc++";
				CLANG_ENABLE_MODULES = YES;
				CLANG_ENABLE_OBJC_ARC = YES;
				CLANG_WARN_BOOL_CONVERSION = YES;
				CLANG_WARN_CONSTANT_CONVERSION = YES;
				CLANG_WARN_DIRECT_OBJC_ISA_USAGE = YES_ERROR;
				CLANG_WARN_EMPTY_BODY = YES;
				CLANG_WARN_ENUM_CONVERSION = YES;
				CLANG_WARN_INT_CONVERSION = YES;
				CLANG_WARN_OBJC_ROOT_CLASS = YES_ERROR;
				CLANG_WARN_UNREACHABLE_CODE = YES;
				CLANG_WARN__DUPLICATE_METHOD_MATCH = YES;
				"CODE_SIGN_IDENTITY[sdk=iphoneos*]" = "iPhone Developer";
				COPY_PHASE_STRIP = NO;
				DEBUG_INFORMATION_FORMAT = "dwarf-with-dsym";
				ENABLE_NS_ASSERTIONS = NO;
				ENABLE_STRICT_OBJC_MSGSEND = YES;
				GCC_C_LANGUAGE_STANDARD = gnu99;
				GCC_NO_COMMON_BLOCKS = YES;
				GCC_WARN_64_TO_32_BIT_CONVERSION = YES;
				GCC_WARN_ABOUT_RETURN_TYPE = YES_ERROR;
				GCC_WARN_UNDECLARED_SELECTOR = YES;
				GCC_WARN_UNINITIALIZED_AUTOS = YES_AGGRESSIVE;
				GCC_WARN_UNUSED_FUNCTION = YES;
				GCC_WARN_UNUSED_VARIABLE = YES;
				IPHONEOS_DEPLOYMENT_TARGET = 8.3;
				MTL_ENABLE_DEBUG_INFO = NO;
				SDKROOT = iphoneos;
				TARGETED_DEVICE_FAMILY = 2;
				VALIDATE_PRODUCT = YES;
			};
			name = Release;
		};
		6580FE1B1AFB62DE00C7ACE7 /* Debug */ = {
			isa = XCBuildConfiguration;
			buildSettings = {
				ASSETCATALOG_COMPILER_APPICON_NAME = AppIcon;
				CLANG_ENABLE_MODULES = YES;
				CODE_SIGN_IDENTITY = "iPhone Developer";
				"CODE_SIGN_IDENTITY[sdk=iphoneos*]" = "iPhone Developer";
				INFOPLIST_FILE = spdbapp/Info.plist;
				IPHONEOS_DEPLOYMENT_TARGET = 7.0;
				LD_RUNPATH_SEARCH_PATHS = "$(inherited) @executable_path/Frameworks";
				PRODUCT_NAME = "$(TARGET_NAME)";
				PROVISIONING_PROFILE = "";
				SWIFT_OBJC_BRIDGING_HEADER = "";
				SWIFT_OPTIMIZATION_LEVEL = "-Onone";
			};
			name = Debug;
		};
		6580FE1C1AFB62DE00C7ACE7 /* Release */ = {
			isa = XCBuildConfiguration;
			buildSettings = {
				ASSETCATALOG_COMPILER_APPICON_NAME = AppIcon;
				CLANG_ENABLE_MODULES = YES;
				CODE_SIGN_IDENTITY = "iPhone Developer";
				"CODE_SIGN_IDENTITY[sdk=iphoneos*]" = "iPhone Developer";
				INFOPLIST_FILE = spdbapp/Info.plist;
				IPHONEOS_DEPLOYMENT_TARGET = 7.0;
				LD_RUNPATH_SEARCH_PATHS = "$(inherited) @executable_path/Frameworks";
				PRODUCT_NAME = "$(TARGET_NAME)";
				PROVISIONING_PROFILE = "";
				SWIFT_OBJC_BRIDGING_HEADER = "";
			};
			name = Release;
		};
		6580FE1E1AFB62DE00C7ACE7 /* Debug */ = {
			isa = XCBuildConfiguration;
			buildSettings = {
				BUNDLE_LOADER = "$(TEST_HOST)";
				FRAMEWORK_SEARCH_PATHS = (
					"$(SDKROOT)/Developer/Library/Frameworks",
					"$(inherited)",
				);
				GCC_PREPROCESSOR_DEFINITIONS = (
					"DEBUG=1",
					"$(inherited)",
				);
				INFOPLIST_FILE = spdbappTests/Info.plist;
				LD_RUNPATH_SEARCH_PATHS = "$(inherited) @executable_path/Frameworks @loader_path/Frameworks";
				PRODUCT_NAME = "$(TARGET_NAME)";
				TEST_HOST = "$(BUILT_PRODUCTS_DIR)/spdbapp.app/spdbapp";
			};
			name = Debug;
		};
		6580FE1F1AFB62DE00C7ACE7 /* Release */ = {
			isa = XCBuildConfiguration;
			buildSettings = {
				BUNDLE_LOADER = "$(TEST_HOST)";
				FRAMEWORK_SEARCH_PATHS = (
					"$(SDKROOT)/Developer/Library/Frameworks",
					"$(inherited)",
				);
				INFOPLIST_FILE = spdbappTests/Info.plist;
				LD_RUNPATH_SEARCH_PATHS = "$(inherited) @executable_path/Frameworks @loader_path/Frameworks";
				PRODUCT_NAME = "$(TARGET_NAME)";
				TEST_HOST = "$(BUILT_PRODUCTS_DIR)/spdbapp.app/spdbapp";
			};
			name = Release;
		};
/* End XCBuildConfiguration section */

/* Begin XCConfigurationList section */
		6580FDF61AFB62DE00C7ACE7 /* Build configuration list for PBXProject "spdbapp" */ = {
			isa = XCConfigurationList;
			buildConfigurations = (
				6580FE181AFB62DE00C7ACE7 /* Debug */,
				6580FE191AFB62DE00C7ACE7 /* Release */,
			);
			defaultConfigurationIsVisible = 0;
			defaultConfigurationName = Release;
		};
		6580FE1A1AFB62DE00C7ACE7 /* Build configuration list for PBXNativeTarget "spdbapp" */ = {
			isa = XCConfigurationList;
			buildConfigurations = (
				6580FE1B1AFB62DE00C7ACE7 /* Debug */,
				6580FE1C1AFB62DE00C7ACE7 /* Release */,
			);
			defaultConfigurationIsVisible = 0;
			defaultConfigurationName = Release;
		};
		6580FE1D1AFB62DE00C7ACE7 /* Build configuration list for PBXNativeTarget "spdbappTests" */ = {
			isa = XCConfigurationList;
			buildConfigurations = (
				6580FE1E1AFB62DE00C7ACE7 /* Debug */,
				6580FE1F1AFB62DE00C7ACE7 /* Release */,
			);
			defaultConfigurationIsVisible = 0;
			defaultConfigurationName = Release;
		};
/* End XCConfigurationList section */
	};
	rootObject = 6580FDF31AFB62DE00C7ACE7 /* Project object */;
}
